{
  "originHash" : "54e9ba522734f1cc2312bbbf127ad4b1672202b93d9cd717a44b3cb60bec3f2a",
  "pins" : [
    {
      "identity" : "swift-cmark",
      "kind" : "remoteSourceControl",
      "location" : "https://github.com/swiftlang/swift-cmark.git",
      "state" : {
        "revision" : "5d9bdaa4228b381639fff09403e39a04926e2dbe",
        "version" : "0.7.1"
      }
    },
    {
      "identity" : "swift-markdown",
      "kind" : "remoteSourceControl",
      "location" : "https://github.com/apple/swift-markdown",
      "state" : {
        "revision" : "7d9a5ce307528578dfa777d505496bd5f544ad94",
        "version" : "0.7.3"
      }
    }
  ],
  "version" : 3
}
